{
  "name": "mounjaro-summaries",
  "version": "1.0.0",
  "lockfileVersion": 3,
  "requires": true,
  "packages": {
    "": {
      "name": "mounjaro-summaries",
      "version": "1.0.0",
      "license": "MIT",
      "dependencies": {
        "@octokit/rest": "^20.0.0",
        "axios": "^1.11.0",
        "cheerio": "^1.0.0-rc.12",
        "dotenv": "^16.0.0",
        "googleapis": "^133.0.0"
      }
    }
  }
}
